// !$*UTF8*$!
{
	archiveVersion = 1;
	classes = {
	};
	objectVersion = 52;
	objects = {

/* Begin PBXBuildFile section */
		677AC87424631F1900D58143 /* Service.swift in Sources */ = {isa = PBXBuildFile; fileRef = 677AC87324631F1900D58143 /* Service.swift */; };
		677AC8772463291700D58143 /* SDWebImage in Frameworks */ = {isa = PBXBuildFile; productRef = 677AC8762463291700D58143 /* SDWebImage */; };
		677AC8862465DEA200D58143 /* AppsPageController.swift in Sources */ = {isa = PBXBuildFile; fileRef = 677AC8852465DEA200D58143 /* AppsPageController.swift */; };
		677AC8882465DF4000D58143 /* BaseListController.swift in Sources */ = {isa = PBXBuildFile; fileRef = 677AC8872465DF4000D58143 /* BaseListController.swift */; };
		677F07192465FF6100DA0915 /* AppGroup.swift in Sources */ = {isa = PBXBuildFile; fileRef = 677F07182465FF6100DA0915 /* AppGroup.swift */; };
		677F071B2466A74700DA0915 /* SocialApp.swift in Sources */ = {isa = PBXBuildFile; fileRef = 677F071A2466A74700DA0915 /* SocialApp.swift */; };
		677F071D2466E94300DA0915 /* HorizontalSnappingController.swift in Sources */ = {isa = PBXBuildFile; fileRef = 677F071C2466E94300DA0915 /* HorizontalSnappingController.swift */; };
		677F071F2466EE4100DA0915 /* BetterSnappingLayout.swift in Sources */ = {isa = PBXBuildFile; fileRef = 677F071E2466EE4100DA0915 /* BetterSnappingLayout.swift */; };
		6782F6962465E13000DCA1F1 /* AppsGroupCell.swift in Sources */ = {isa = PBXBuildFile; fileRef = 6782F6952465E13000DCA1F1 /* AppsGroupCell.swift */; };
		6782F6982465E53300DCA1F1 /* AppsHorizontalController.swift in Sources */ = {isa = PBXBuildFile; fileRef = 6782F6972465E53300DCA1F1 /* AppsHorizontalController.swift */; };
		6782F69A2465EA7800DCA1F1 /* AppRowCell.swift in Sources */ = {isa = PBXBuildFile; fileRef = 6782F6992465EA7800DCA1F1 /* AppRowCell.swift */; };
		6782F69C2465EB3000DCA1F1 /* Extensions.swift in Sources */ = {isa = PBXBuildFile; fileRef = 6782F69B2465EB3000DCA1F1 /* Extensions.swift */; };
		6782F69E2465F2AE00DCA1F1 /* AppsPageHeader.swift in Sources */ = {isa = PBXBuildFile; fileRef = 6782F69D2465F2AE00DCA1F1 /* AppsPageHeader.swift */; };
		6782F6A02465F58000DCA1F1 /* AppsHeaderHorizontalController.swift in Sources */ = {isa = PBXBuildFile; fileRef = 6782F69F2465F58000DCA1F1 /* AppsHeaderHorizontalController.swift */; };
		6782F6A22465F81100DCA1F1 /* AppsHeaderCell.swift in Sources */ = {isa = PBXBuildFile; fileRef = 6782F6A12465F81100DCA1F1 /* AppsHeaderCell.swift */; };
		67B0DDE5245C57C900E3ACC4 /* AppDelegate.swift in Sources */ = {isa = PBXBuildFile; fileRef = 67B0DDE4245C57C900E3ACC4 /* AppDelegate.swift */; };
		67B0DDE7245C57C900E3ACC4 /* SceneDelegate.swift in Sources */ = {isa = PBXBuildFile; fileRef = 67B0DDE6245C57C900E3ACC4 /* SceneDelegate.swift */; };
		67B0DDEC245C57C900E3ACC4 /* Main.storyboard in Resources */ = {isa = PBXBuildFile; fileRef = 67B0DDEA245C57C900E3ACC4 /* Main.storyboard */; };
		67B0DDEE245C57CA00E3ACC4 /* Assets.xcassets in Resources */ = {isa = PBXBuildFile; fileRef = 67B0DDED245C57CA00E3ACC4 /* Assets.xcassets */; };
		67B0DDF1245C57CA00E3ACC4 /* LaunchScreen.storyboard in Resources */ = {isa = PBXBuildFile; fileRef = 67B0DDEF245C57CA00E3ACC4 /* LaunchScreen.storyboard */; };
		67B0DDF9245C587D00E3ACC4 /* BaseTabBarController.swift in Sources */ = {isa = PBXBuildFile; fileRef = 67B0DDF8245C587D00E3ACC4 /* BaseTabBarController.swift */; };
		67B0DDFE245C60C300E3ACC4 /* AppsSearchController.swift in Sources */ = {isa = PBXBuildFile; fileRef = 67B0DDFD245C60C300E3ACC4 /* AppsSearchController.swift */; };
		67B0DE01245C73A200E3ACC4 /* SearchResultCell.swift in Sources */ = {isa = PBXBuildFile; fileRef = 67B0DE00245C73A200E3ACC4 /* SearchResultCell.swift */; };
		67B0DE04245C7C4600E3ACC4 /* UIView+Layout.swift in Sources */ = {isa = PBXBuildFile; fileRef = 67B0DE03245C7C4600E3ACC4 /* UIView+Layout.swift */; };
		67B0DE06245C80AC00E3ACC4 /* VerticalStackView.swift in Sources */ = {isa = PBXBuildFile; fileRef = 67B0DE05245C80AC00E3ACC4 /* VerticalStackView.swift */; };
		67B0DE09245DCC4400E3ACC4 /* SearchResult.swift in Sources */ = {isa = PBXBuildFile; fileRef = 67B0DE08245DCC4400E3ACC4 /* SearchResult.swift */; };
/* End PBXBuildFile section */

/* Begin PBXFileReference section */
		677AC87324631F1900D58143 /* Service.swift */ = {isa = PBXFileReference; lastKnownFileType = sourcecode.swift; path = Service.swift; sourceTree = "<group>"; };
		677AC8852465DEA200D58143 /* AppsPageController.swift */ = {isa = PBXFileReference; lastKnownFileType = sourcecode.swift; path = AppsPageController.swift; sourceTree = "<group>"; };
		677AC8872465DF4000D58143 /* BaseListController.swift */ = {isa = PBXFileReference; lastKnownFileType = sourcecode.swift; path = BaseListController.swift; sourceTree = "<group>"; };
		677F07182465FF6100DA0915 /* AppGroup.swift */ = {isa = PBXFileReference; lastKnownFileType = sourcecode.swift; path = AppGroup.swift; sourceTree = "<group>"; };
		677F071A2466A74700DA0915 /* SocialApp.swift */ = {isa = PBXFileReference; lastKnownFileType = sourcecode.swift; path = SocialApp.swift; sourceTree = "<group>"; };
		677F071C2466E94300DA0915 /* HorizontalSnappingController.swift */ = {isa = PBXFileReference; lastKnownFileType = sourcecode.swift; path = HorizontalSnappingController.swift; sourceTree = "<group>"; };
		677F071E2466EE4100DA0915 /* BetterSnappingLayout.swift */ = {isa = PBXFileReference; lastKnownFileType = sourcecode.swift; path = BetterSnappingLayout.swift; sourceTree = "<group>"; };
		6782F6952465E13000DCA1F1 /* AppsGroupCell.swift */ = {isa = PBXFileReference; lastKnownFileType = sourcecode.swift; path = AppsGroupCell.swift; sourceTree = "<group>"; };
		6782F6972465E53300DCA1F1 /* AppsHorizontalController.swift */ = {isa = PBXFileReference; lastKnownFileType = sourcecode.swift; path = AppsHorizontalController.swift; sourceTree = "<group>"; };
		6782F6992465EA7800DCA1F1 /* AppRowCell.swift */ = {isa = PBXFileReference; lastKnownFileType = sourcecode.swift; path = AppRowCell.swift; sourceTree = "<group>"; };
		6782F69B2465EB3000DCA1F1 /* Extensions.swift */ = {isa = PBXFileReference; lastKnownFileType = sourcecode.swift; path = Extensions.swift; sourceTree = "<group>"; };
		6782F69D2465F2AE00DCA1F1 /* AppsPageHeader.swift */ = {isa = PBXFileReference; lastKnownFileType = sourcecode.swift; path = AppsPageHeader.swift; sourceTree = "<group>"; };
		6782F69F2465F58000DCA1F1 /* AppsHeaderHorizontalController.swift */ = {isa = PBXFileReference; lastKnownFileType = sourcecode.swift; path = AppsHeaderHorizontalController.swift; sourceTree = "<group>"; };
		6782F6A12465F81100DCA1F1 /* AppsHeaderCell.swift */ = {isa = PBXFileReference; lastKnownFileType = sourcecode.swift; path = AppsHeaderCell.swift; sourceTree = "<group>"; };
		67B0DDE1245C57C900E3ACC4 /* App Store.app */ = {isa = PBXFileReference; explicitFileType = wrapper.application; includeInIndex = 0; path = "App Store.app"; sourceTree = BUILT_PRODUCTS_DIR; };
		67B0DDE4245C57C900E3ACC4 /* AppDelegate.swift */ = {isa = PBXFileReference; lastKnownFileType = sourcecode.swift; path = AppDelegate.swift; sourceTree = "<group>"; };
		67B0DDE6245C57C900E3ACC4 /* SceneDelegate.swift */ = {isa = PBXFileReference; lastKnownFileType = sourcecode.swift; path = SceneDelegate.swift; sourceTree = "<group>"; };
		67B0DDEB245C57C900E3ACC4 /* Base */ = {isa = PBXFileReference; lastKnownFileType = file.storyboard; name = Base; path = Base.lproj/Main.storyboard; sourceTree = "<group>"; };
		67B0DDED245C57CA00E3ACC4 /* Assets.xcassets */ = {isa = PBXFileReference; lastKnownFileType = folder.assetcatalog; path = Assets.xcassets; sourceTree = "<group>"; };
		67B0DDF0245C57CA00E3ACC4 /* Base */ = {isa = PBXFileReference; lastKnownFileType = file.storyboard; name = Base; path = Base.lproj/LaunchScreen.storyboard; sourceTree = "<group>"; };
		67B0DDF2245C57CA00E3ACC4 /* Info.plist */ = {isa = PBXFileReference; lastKnownFileType = text.plist.xml; path = Info.plist; sourceTree = "<group>"; };
		67B0DDF8245C587D00E3ACC4 /* BaseTabBarController.swift */ = {isa = PBXFileReference; lastKnownFileType = sourcecode.swift; path = BaseTabBarController.swift; sourceTree = "<group>"; };
		67B0DDFD245C60C300E3ACC4 /* AppsSearchController.swift */ = {isa = PBXFileReference; lastKnownFileType = sourcecode.swift; path = AppsSearchController.swift; sourceTree = "<group>"; };
		67B0DE00245C73A200E3ACC4 /* SearchResultCell.swift */ = {isa = PBXFileReference; lastKnownFileType = sourcecode.swift; path = SearchResultCell.swift; sourceTree = "<group>"; };
		67B0DE03245C7C4600E3ACC4 /* UIView+Layout.swift */ = {isa = PBXFileReference; fileEncoding = 4; lastKnownFileType = sourcecode.swift; path = "UIView+Layout.swift"; sourceTree = "<group>"; };
		67B0DE05245C80AC00E3ACC4 /* VerticalStackView.swift */ = {isa = PBXFileReference; lastKnownFileType = sourcecode.swift; path = VerticalStackView.swift; sourceTree = "<group>"; };
		67B0DE08245DCC4400E3ACC4 /* SearchResult.swift */ = {isa = PBXFileReference; lastKnownFileType = sourcecode.swift; path = SearchResult.swift; sourceTree = "<group>"; };
/* End PBXFileReference section */

/* Begin PBXFrameworksBuildPhase section */
		67B0DDDE245C57C900E3ACC4 /* Frameworks */ = {
			isa = PBXFrameworksBuildPhase;
			buildActionMask = 2147483647;
			files = (
				677AC8772463291700D58143 /* SDWebImage in Frameworks */,
			);
			runOnlyForDeploymentPostprocessing = 0;
		};
/* End PBXFrameworksBuildPhase section */

/* Begin PBXGroup section */
		677AC87224631F0D00D58143 /* Service */ = {
			isa = PBXGroup;
			children = (
				677AC87324631F1900D58143 /* Service.swift */,
			);
			path = Service;
			sourceTree = "<group>";
		};
		677AC8842465DE9600D58143 /* Apps */ = {
			isa = PBXGroup;
			children = (
				677AC8852465DEA200D58143 /* AppsPageController.swift */,
				6782F6972465E53300DCA1F1 /* AppsHorizontalController.swift */,
				6782F69F2465F58000DCA1F1 /* AppsHeaderHorizontalController.swift */,
			);
			path = Apps;
			sourceTree = "<group>";
		};
		677AC8892465DFA400D58143 /* Search */ = {
			isa = PBXGroup;
			children = (
				67B0DDFD245C60C300E3ACC4 /* AppsSearchController.swift */,
			);
			path = Search;
			sourceTree = "<group>";
		};
		6782F6942465E11A00DCA1F1 /* Apps */ = {
			isa = PBXGroup;
			children = (
				6782F6952465E13000DCA1F1 /* AppsGroupCell.swift */,
				6782F6992465EA7800DCA1F1 /* AppRowCell.swift */,
				6782F69D2465F2AE00DCA1F1 /* AppsPageHeader.swift */,
				6782F6A12465F81100DCA1F1 /* AppsHeaderCell.swift */,
			);
			path = Apps;
			sourceTree = "<group>";
		};
		67B0DDD8245C57C900E3ACC4 = {
			isa = PBXGroup;
			children = (
				67B0DDE3245C57C900E3ACC4 /* App Store */,
				67B0DDE2245C57C900E3ACC4 /* Products */,
			);
			sourceTree = "<group>";
		};
		67B0DDE2245C57C900E3ACC4 /* Products */ = {
			isa = PBXGroup;
			children = (
				67B0DDE1245C57C900E3ACC4 /* App Store.app */,
			);
			name = Products;
			sourceTree = "<group>";
		};
		67B0DDE3245C57C900E3ACC4 /* App Store */ = {
			isa = PBXGroup;
			children = (
				67B0DDFA245C605000E3ACC4 /* Application */,
				67B0DDFB245C605B00E3ACC4 /* Controllers */,
				67B0DE02245C7BF500E3ACC4 /* Helpers */,
				67B0DE07245DCC2B00E3ACC4 /* Models */,
				677AC87224631F0D00D58143 /* Service */,
				67B0DDFC245C607400E3ACC4 /* Supporting Files */,
				67B0DDFF245C737400E3ACC4 /* Views */,
			);
			path = "App Store";
			sourceTree = "<group>";
		};
		67B0DDFA245C605000E3ACC4 /* Application */ = {
			isa = PBXGroup;
			children = (
				67B0DDE4245C57C900E3ACC4 /* AppDelegate.swift */,
				67B0DDE6245C57C900E3ACC4 /* SceneDelegate.swift */,
			);
			path = Application;
			sourceTree = "<group>";
		};
		67B0DDFB245C605B00E3ACC4 /* Controllers */ = {
			isa = PBXGroup;
			children = (
				677AC8872465DF4000D58143 /* BaseListController.swift */,
				67B0DDF8245C587D00E3ACC4 /* BaseTabBarController.swift */,
				677AC8842465DE9600D58143 /* Apps */,
				677AC8892465DFA400D58143 /* Search */,
				677F071C2466E94300DA0915 /* HorizontalSnappingController.swift */,
			);
			path = Controllers;
			sourceTree = "<group>";
		};
		67B0DDFC245C607400E3ACC4 /* Supporting Files */ = {
			isa = PBXGroup;
			children = (
				67B0DDEA245C57C900E3ACC4 /* Main.storyboard */,
				67B0DDED245C57CA00E3ACC4 /* Assets.xcassets */,
				67B0DDEF245C57CA00E3ACC4 /* LaunchScreen.storyboard */,
				67B0DDF2245C57CA00E3ACC4 /* Info.plist */,
			);
			path = "Supporting Files";
			sourceTree = "<group>";
		};
		67B0DDFF245C737400E3ACC4 /* Views */ = {
			isa = PBXGroup;
			children = (
				6782F6942465E11A00DCA1F1 /* Apps */,
				67B0DE00245C73A200E3ACC4 /* SearchResultCell.swift */,
			);
			path = Views;
			sourceTree = "<group>";
		};
		67B0DE02245C7BF500E3ACC4 /* Helpers */ = {
			isa = PBXGroup;
			children = (
				67B0DE03245C7C4600E3ACC4 /* UIView+Layout.swift */,
				67B0DE05245C80AC00E3ACC4 /* VerticalStackView.swift */,
				6782F69B2465EB3000DCA1F1 /* Extensions.swift */,
				677F071E2466EE4100DA0915 /* BetterSnappingLayout.swift */,
			);
			path = Helpers;
			sourceTree = "<group>";
		};
		67B0DE07245DCC2B00E3ACC4 /* Models */ = {
			isa = PBXGroup;
			children = (
				67B0DE08245DCC4400E3ACC4 /* SearchResult.swift */,
				677F07182465FF6100DA0915 /* AppGroup.swift */,
				677F071A2466A74700DA0915 /* SocialApp.swift */,
			);
			path = Models;
			sourceTree = "<group>";
		};
/* End PBXGroup section */

/* Begin PBXNativeTarget section */
		67B0DDE0245C57C900E3ACC4 /* App Store */ = {
			isa = PBXNativeTarget;
			buildConfigurationList = 67B0DDF5245C57CA00E3ACC4 /* Build configuration list for PBXNativeTarget "App Store" */;
			buildPhases = (
				67B0DDDD245C57C900E3ACC4 /* Sources */,
				67B0DDDE245C57C900E3ACC4 /* Frameworks */,
				67B0DDDF245C57C900E3ACC4 /* Resources */,
			);
			buildRules = (
			);
			dependencies = (
			);
			name = "App Store";
			packageProductDependencies = (
				677AC8762463291700D58143 /* SDWebImage */,
			);
			productName = "App Store";
			productReference = 67B0DDE1245C57C900E3ACC4 /* App Store.app */;
			productType = "com.apple.product-type.application";
		};
/* End PBXNativeTarget section */

/* Begin PBXProject section */
		67B0DDD9245C57C900E3ACC4 /* Project object */ = {
			isa = PBXProject;
			attributes = {
				LastSwiftUpdateCheck = 1130;
				LastUpgradeCheck = 1130;
				ORGANIZATIONNAME = "XFamily LLC";
				TargetAttributes = {
					67B0DDE0245C57C900E3ACC4 = {
						CreatedOnToolsVersion = 11.3.1;
					};
				};
			};
			buildConfigurationList = 67B0DDDC245C57C900E3ACC4 /* Build configuration list for PBXProject "App Store" */;
			compatibilityVersion = "Xcode 9.3";
			developmentRegion = en;
			hasScannedForEncodings = 0;
			knownRegions = (
				en,
				Base,
			);
			mainGroup = 67B0DDD8245C57C900E3ACC4;
			packageReferences = (
				677AC8752463291700D58143 /* XCRemoteSwiftPackageReference "SDWebImage" */,
			);
			productRefGroup = 67B0DDE2245C57C900E3ACC4 /* Products */;
			projectDirPath = "";
			projectRoot = "";
			targets = (
				67B0DDE0245C57C900E3ACC4 /* App Store */,
			);
		};
/* End PBXProject section */

/* Begin PBXResourcesBuildPhase section */
		67B0DDDF245C57C900E3ACC4 /* Resources */ = {
			isa = PBXResourcesBuildPhase;
			buildActionMask = 2147483647;
			files = (
				67B0DDF1245C57CA00E3ACC4 /* LaunchScreen.storyboard in Resources */,
				67B0DDEE245C57CA00E3ACC4 /* Assets.xcassets in Resources */,
				67B0DDEC245C57C900E3ACC4 /* Main.storyboard in Resources */,
			);
			runOnlyForDeploymentPostprocessing = 0;
		};
/* End PBXResourcesBuildPhase section */

/* Begin PBXSourcesBuildPhase section */
		67B0DDDD245C57C900E3ACC4 /* Sources */ = {
			isa = PBXSourcesBuildPhase;
			buildActionMask = 2147483647;
			files = (
				67B0DDF9245C587D00E3ACC4 /* BaseTabBarController.swift in Sources */,
				677F071F2466EE4100DA0915 /* BetterSnappingLayout.swift in Sources */,
				67B0DDE5245C57C900E3ACC4 /* AppDelegate.swift in Sources */,
				677F071B2466A74700DA0915 /* SocialApp.swift in Sources */,
				67B0DE09245DCC4400E3ACC4 /* SearchResult.swift in Sources */,
				677F07192465FF6100DA0915 /* AppGroup.swift in Sources */,
				677AC8862465DEA200D58143 /* AppsPageController.swift in Sources */,
				6782F6A22465F81100DCA1F1 /* AppsHeaderCell.swift in Sources */,
				67B0DDE7245C57C900E3ACC4 /* SceneDelegate.swift in Sources */,
				677AC8882465DF4000D58143 /* BaseListController.swift in Sources */,
				6782F69A2465EA7800DCA1F1 /* AppRowCell.swift in Sources */,
				67B0DDFE245C60C300E3ACC4 /* AppsSearchController.swift in Sources */,
				6782F6962465E13000DCA1F1 /* AppsGroupCell.swift in Sources */,
				6782F69E2465F2AE00DCA1F1 /* AppsPageHeader.swift in Sources */,
				677AC87424631F1900D58143 /* Service.swift in Sources */,
				6782F69C2465EB3000DCA1F1 /* Extensions.swift in Sources */,
				67B0DE04245C7C4600E3ACC4 /* UIView+Layout.swift in Sources */,
				67B0DE01245C73A200E3ACC4 /* SearchResultCell.swift in Sources */,
				677F071D2466E94300DA0915 /* HorizontalSnappingController.swift in Sources */,
				6782F6982465E53300DCA1F1 /* AppsHorizontalController.swift in Sources */,
				67B0DE06245C80AC00E3ACC4 /* VerticalStackView.swift in Sources */,
				6782F6A02465F58000DCA1F1 /* AppsHeaderHorizontalController.swift in Sources */,
			);
			runOnlyForDeploymentPostprocessing = 0;
		};
/* End PBXSourcesBuildPhase section */

/* Begin PBXVariantGroup section */
		67B0DDEA245C57C900E3ACC4 /* Main.storyboard */ = {
			isa = PBXVariantGroup;
			children = (
				67B0DDEB245C57C900E3ACC4 /* Base */,
			);
			name = Main.storyboard;
			sourceTree = "<group>";
		};
		67B0DDEF245C57CA00E3ACC4 /* LaunchScreen.storyboard */ = {
			isa = PBXVariantGroup;
			children = (
				67B0DDF0245C57CA00E3ACC4 /* Base */,
			);
			name = LaunchScreen.storyboard;
			sourceTree = "<group>";
		};
/* End PBXVariantGroup section */

/* Begin XCBuildConfiguration section */
		67B0DDF3245C57CA00E3ACC4 /* Debug */ = {
			isa = XCBuildConfiguration;
			buildSettings = {
				ALWAYS_SEARCH_USER_PATHS = NO;
				CLANG_ANALYZER_NONNULL = YES;
				CLANG_ANALYZER_NUMBER_OBJECT_CONVERSION = YES_AGGRESSIVE;
				CLANG_CXX_LANGUAGE_STANDARD = "gnu++14";
				CLANG_CXX_LIBRARY = "libc++";
				CLANG_ENABLE_MODULES = YES;
				CLANG_ENABLE_OBJC_ARC = YES;
				CLANG_ENABLE_OBJC_WEAK = YES;
				CLANG_WARN_BLOCK_CAPTURE_AUTORELEASING = YES;
				CLANG_WARN_BOOL_CONVERSION = YES;
				CLANG_WARN_COMMA = YES;
				CLANG_WARN_CONSTANT_CONVERSION = YES;
				CLANG_WARN_DEPRECATED_OBJC_IMPLEMENTATIONS = YES;
				CLANG_WARN_DIRECT_OBJC_ISA_USAGE = YES_ERROR;
				CLANG_WARN_DOCUMENTATION_COMMENTS = YES;
				CLANG_WARN_EMPTY_BODY = YES;
				CLANG_WARN_ENUM_CONVERSION = YES;
				CLANG_WARN_INFINITE_RECURSION = YES;
				CLANG_WARN_INT_CONVERSION = YES;
				CLANG_WARN_NON_LITERAL_NULL_CONVERSION = YES;
				CLANG_WARN_OBJC_IMPLICIT_RETAIN_SELF = YES;
				CLANG_WARN_OBJC_LITERAL_CONVERSION = YES;
				CLANG_WARN_OBJC_ROOT_CLASS = YES_ERROR;
				CLANG_WARN_RANGE_LOOP_ANALYSIS = YES;
				CLANG_WARN_STRICT_PROTOTYPES = YES;
				CLANG_WARN_SUSPICIOUS_MOVE = YES;
				CLANG_WARN_UNGUARDED_AVAILABILITY = YES_AGGRESSIVE;
				CLANG_WARN_UNREACHABLE_CODE = YES;
				CLANG_WARN__DUPLICATE_METHOD_MATCH = YES;
				COPY_PHASE_STRIP = NO;
				DEBUG_INFORMATION_FORMAT = dwarf;
				ENABLE_STRICT_OBJC_MSGSEND = YES;
				ENABLE_TESTABILITY = YES;
				GCC_C_LANGUAGE_STANDARD = gnu11;
				GCC_DYNAMIC_NO_PIC = NO;
				GCC_NO_COMMON_BLOCKS = YES;
				GCC_OPTIMIZATION_LEVEL = 0;
				GCC_PREPROCESSOR_DEFINITIONS = (
					"DEBUG=1",
					"$(inherited)",
				);
				GCC_WARN_64_TO_32_BIT_CONVERSION = YES;
				GCC_WARN_ABOUT_RETURN_TYPE = YES_ERROR;
				GCC_WARN_UNDECLARED_SELECTOR = YES;
				GCC_WARN_UNINITIALIZED_AUTOS = YES_AGGRESSIVE;
				GCC_WARN_UNUSED_FUNCTION = YES;
				GCC_WARN_UNUSED_VARIABLE = YES;
				IPHONEOS_DEPLOYMENT_TARGET = 13.2;
				MTL_ENABLE_DEBUG_INFO = INCLUDE_SOURCE;
				MTL_FAST_MATH = YES;
				ONLY_ACTIVE_ARCH = YES;
				SDKROOT = iphoneos;
				SWIFT_ACTIVE_COMPILATION_CONDITIONS = DEBUG;
				SWIFT_OPTIMIZATION_LEVEL = "-Onone";
			};
			name = Debug;
		};
		67B0DDF4245C57CA00E3ACC4 /* Release */ = {
			isa = XCBuildConfiguration;
			buildSettings = {
				ALWAYS_SEARCH_USER_PATHS = NO;
				CLANG_ANALYZER_NONNULL = YES;
				CLANG_ANALYZER_NUMBER_OBJECT_CONVERSION = YES_AGGRESSIVE;
				CLANG_CXX_LANGUAGE_STANDARD = "gnu++14";
				CLANG_CXX_LIBRARY = "libc++";
				CLANG_ENABLE_MODULES = YES;
				CLANG_ENABLE_OBJC_ARC = YES;
				CLANG_ENABLE_OBJC_WEAK = YES;
				CLANG_WARN_BLOCK_CAPTURE_AUTORELEASING = YES;
				CLANG_WARN_BOOL_CONVERSION = YES;
				CLANG_WARN_COMMA = YES;
				CLANG_WARN_CONSTANT_CONVERSION = YES;
				CLANG_WARN_DEPRECATED_OBJC_IMPLEMENTATIONS = YES;
				CLANG_WARN_DIRECT_OBJC_ISA_USAGE = YES_ERROR;
				CLANG_WARN_DOCUMENTATION_COMMENTS = YES;
				CLANG_WARN_EMPTY_BODY = YES;
				CLANG_WARN_ENUM_CONVERSION = YES;
				CLANG_WARN_INFINITE_RECURSION = YES;
				CLANG_WARN_INT_CONVERSION = YES;
				CLANG_WARN_NON_LITERAL_NULL_CONVERSION = YES;
				CLANG_WARN_OBJC_IMPLICIT_RETAIN_SELF = YES;
				CLANG_WARN_OBJC_LITERAL_CONVERSION = YES;
				CLANG_WARN_OBJC_ROOT_CLASS = YES_ERROR;
				CLANG_WARN_RANGE_LOOP_ANALYSIS = YES;
				CLANG_WARN_STRICT_PROTOTYPES = YES;
				CLANG_WARN_SUSPICIOUS_MOVE = YES;
				CLANG_WARN_UNGUARDED_AVAILABILITY = YES_AGGRESSIVE;
				CLANG_WARN_UNREACHABLE_CODE = YES;
				CLANG_WARN__DUPLICATE_METHOD_MATCH = YES;
				COPY_PHASE_STRIP = NO;
				DEBUG_INFORMATION_FORMAT = "dwarf-with-dsym";
				ENABLE_NS_ASSERTIONS = NO;
				ENABLE_STRICT_OBJC_MSGSEND = YES;
				GCC_C_LANGUAGE_STANDARD = gnu11;
				GCC_NO_COMMON_BLOCKS = YES;
				GCC_WARN_64_TO_32_BIT_CONVERSION = YES;
				GCC_WARN_ABOUT_RETURN_TYPE = YES_ERROR;
				GCC_WARN_UNDECLARED_SELECTOR = YES;
				GCC_WARN_UNINITIALIZED_AUTOS = YES_AGGRESSIVE;
				GCC_WARN_UNUSED_FUNCTION = YES;
				GCC_WARN_UNUSED_VARIABLE = YES;
				IPHONEOS_DEPLOYMENT_TARGET = 13.2;
				MTL_ENABLE_DEBUG_INFO = NO;
				MTL_FAST_MATH = YES;
				SDKROOT = iphoneos;
				SWIFT_COMPILATION_MODE = wholemodule;
				SWIFT_OPTIMIZATION_LEVEL = "-O";
				VALIDATE_PRODUCT = YES;
			};
			name = Release;
		};
		67B0DDF6245C57CA00E3ACC4 /* Debug */ = {
			isa = XCBuildConfiguration;
			buildSettings = {
				ASSETCATALOG_COMPILER_APPICON_NAME = AppIcon;
				CODE_SIGN_STYLE = Automatic;
				INFOPLIST_FILE = "$(SRCROOT)/App Store/Supporting Files/Info.plist";
				LD_RUNPATH_SEARCH_PATHS = (
					"$(inherited)",
					"@executable_path/Frameworks",
				);
				PRODUCT_BUNDLE_IDENTIFIER = "com.xfamily.App-Store";
				PRODUCT_NAME = "$(TARGET_NAME)";
				SWIFT_VERSION = 5.0;
				TARGETED_DEVICE_FAMILY = "1,2";
			};
			name = Debug;
		};
		67B0DDF7245C57CA00E3ACC4 /* Release */ = {
			isa = XCBuildConfiguration;
			buildSettings = {
				ASSETCATALOG_COMPILER_APPICON_NAME = AppIcon;
				CODE_SIGN_STYLE = Automatic;
				INFOPLIST_FILE = "$(SRCROOT)/App Store/Supporting Files/Info.plist";
				LD_RUNPATH_SEARCH_PATHS = (
					"$(inherited)",
					"@executable_path/Frameworks",
				);
				PRODUCT_BUNDLE_IDENTIFIER = "com.xfamily.App-Store";
				PRODUCT_NAME = "$(TARGET_NAME)";
				SWIFT_VERSION = 5.0;
				TARGETED_DEVICE_FAMILY = "1,2";
			};
			name = Release;
		};
/* End XCBuildConfiguration section */

/* Begin XCConfigurationList section */
		67B0DDDC245C57C900E3ACC4 /* Build configuration list for PBXProject "App Store" */ = {
			isa = XCConfigurationList;
			buildConfigurations = (
				67B0DDF3245C57CA00E3ACC4 /* Debug */,
				67B0DDF4245C57CA00E3ACC4 /* Release */,
			);
			defaultConfigurationIsVisible = 0;
			defaultConfigurationName = Release;
		};
		67B0DDF5245C57CA00E3ACC4 /* Build configuration list for PBXNativeTarget "App Store" */ = {
			isa = XCConfigurationList;
			buildConfigurations = (
				67B0DDF6245C57CA00E3ACC4 /* Debug */,
				67B0DDF7245C57CA00E3ACC4 /* Release */,
			);
			defaultConfigurationIsVisible = 0;
			defaultConfigurationName = Release;
		};
/* End XCConfigurationList section */

/* Begin XCRemoteSwiftPackageReference section */
		677AC8752463291700D58143 /* XCRemoteSwiftPackageReference "SDWebImage" */ = {
			isa = XCRemoteSwiftPackageReference;
			repositoryURL = "https://github.com/SDWebImage/SDWebImage";
			requirement = {
				kind = upToNextMajorVersion;
				minimumVersion = 5.7.4;
			};
		};
/* End XCRemoteSwiftPackageReference section */

/* Begin XCSwiftPackageProductDependency section */
		677AC8762463291700D58143 /* SDWebImage */ = {
			isa = XCSwiftPackageProductDependency;
			package = 677AC8752463291700D58143 /* XCRemoteSwiftPackageReference "SDWebImage" */;
			productName = SDWebImage;
		};
/* End XCSwiftPackageProductDependency section */
	};
	rootObject = 67B0DDD9245C57C900E3ACC4 /* Project object */;
}
